// !$*UTF8*$!
{
	archiveVersion = 1;
	classes = {
	};
	objectVersion = 50;
	objects = {

/* Begin PBXBuildFile section */
		1B02D346257FE1DE004E6567 /* AppDelegate.m in Sources */ = {isa = PBXBuildFile; fileRef = 1B02D345257FE1DE004E6567 /* AppDelegate.m */; };
		1B02D349257FE1DE004E6567 /* SceneDelegate.m in Sources */ = {isa = PBXBuildFile; fileRef = 1B02D348257FE1DE004E6567 /* SceneDelegate.m */; };
		1B02D34C257FE1DE004E6567 /* ViewController.mm in Sources */ = {isa = PBXBuildFile; fileRef = 1B02D34B257FE1DE004E6567 /* ViewController.mm */; };
		1B02D351257FE1DF004E6567 /* Assets.xcassets in Resources */ = {isa = PBXBuildFile; fileRef = 1B02D350257FE1DF004E6567 /* Assets.xcassets */; };
		1B02D354257FE1DF004E6567 /* LaunchScreen.storyboard in Resources */ = {isa = PBXBuildFile; fileRef = 1B02D352257FE1DF004E6567 /* LaunchScreen.storyboard */; };
		1B02D357257FE1DF004E6567 /* main.m in Sources */ = {isa = PBXBuildFile; fileRef = 1B02D356257FE1DF004E6567 /* main.m */; };
		1B02D360257FE1EF004E6567 /* CoreMedia.framework in Frameworks */ = {isa = PBXBuildFile; fileRef = 1B02D35F257FE1EF004E6567 /* CoreMedia.framework */; };
		1B02D362257FE1F3004E6567 /* AssetsLibrary.framework in Frameworks */ = {isa = PBXBuildFile; fileRef = 1B02D361257FE1F3004E6567 /* AssetsLibrary.framework */; };
		1B02D364257FE1FA004E6567 /* AVFoundation.framework in Frameworks */ = {isa = PBXBuildFile; fileRef = 1B02D363257FE1FA004E6567 /* AVFoundation.framework */; };
		1B02D366257FE20D004E6567 /* opencv2.framework in Frameworks */ = {isa = PBXBuildFile; fileRef = 1B02D365257FE20D004E6567 /* opencv2.framework */; };
		1BBBE0DE257FEAE900365408 /* Main.storyboard in Resources */ = {isa = PBXBuildFile; fileRef = 1BBBE0DD257FEAE900365408 /* Main.storyboard */; };
/* End PBXBuildFile section */

/* Begin PBXFileReference section */
		1B02D341257FE1DE004E6567 /* OpenCViOSLaserDetection.app */ = {isa = PBXFileReference; explicitFileType = wrapper.application; includeInIndex = 0; path = OpenCViOSLaserDetection.app; sourceTree = BUILT_PRODUCTS_DIR; };
		1B02D344257FE1DE004E6567 /* AppDelegate.h */ = {isa = PBXFileReference; lastKnownFileType = sourcecode.c.h; path = AppDelegate.h; sourceTree = "<group>"; };
		1B02D345257FE1DE004E6567 /* AppDelegate.m */ = {isa = PBXFileReference; lastKnownFileType = sourcecode.c.objc; path = AppDelegate.m; sourceTree = "<group>"; };
		1B02D347257FE1DE004E6567 /* SceneDelegate.h */ = {isa = PBXFileReference; lastKnownFileType = sourcecode.c.h; path = SceneDelegate.h; sourceTree = "<group>"; };
		1B02D348257FE1DE004E6567 /* SceneDelegate.m */ = {isa = PBXFileReference; lastKnownFileType = sourcecode.c.objc; path = SceneDelegate.m; sourceTree = "<group>"; };
		1B02D34A257FE1DE004E6567 /* ViewController.h */ = {isa = PBXFileReference; lastKnownFileType = sourcecode.c.h; path = ViewController.h; sourceTree = "<group>"; };
		1B02D34B257FE1DE004E6567 /* ViewController.mm */ = {isa = PBXFileReference; lastKnownFileType = sourcecode.cpp.objcpp; path = ViewController.mm; sourceTree = "<group>"; };
		1B02D350257FE1DF004E6567 /* Assets.xcassets */ = {isa = PBXFileReference; lastKnownFileType = folder.assetcatalog; path = Assets.xcassets; sourceTree = "<group>"; };
		1B02D353257FE1DF004E6567 /* Base */ = {isa = PBXFileReference; lastKnownFileType = file.storyboard; name = Base; path = Base.lproj/LaunchScreen.storyboard; sourceTree = "<group>"; };
		1B02D355257FE1DF004E6567 /* Info.plist */ = {isa = PBXFileReference; lastKnownFileType = text.plist.xml; path = Info.plist; sourceTree = "<group>"; };
		1B02D356257FE1DF004E6567 /* main.m */ = {isa = PBXFileReference; lastKnownFileType = sourcecode.c.objc; path = main.m; sourceTree = "<group>"; };
		1B02D35F257FE1EF004E6567 /* CoreMedia.framework */ = {isa = PBXFileReference; lastKnownFileType = wrapper.framework; name = CoreMedia.framework; path = System/Library/Frameworks/CoreMedia.framework; sourceTree = SDKROOT; };
		1B02D361257FE1F3004E6567 /* AssetsLibrary.framework */ = {isa = PBXFileReference; lastKnownFileType = wrapper.framework; name = AssetsLibrary.framework; path = System/Library/Frameworks/AssetsLibrary.framework; sourceTree = SDKROOT; };
		1B02D363257FE1FA004E6567 /* AVFoundation.framework */ = {isa = PBXFileReference; lastKnownFileType = wrapper.framework; name = AVFoundation.framework; path = System/Library/Frameworks/AVFoundation.framework; sourceTree = SDKROOT; };
		1B02D365257FE20D004E6567 /* opencv2.framework */ = {isa = PBXFileReference; lastKnownFileType = wrapper.framework; path = opencv2.framework; sourceTree = "<group>"; };
		1BBBE0DD257FEAE900365408 /* Main.storyboard */ = {isa = PBXFileReference; fileEncoding = 4; lastKnownFileType = file.storyboard; path = Main.storyboard; sourceTree = "<group>"; };
/* End PBXFileReference section */

/* Begin PBXFrameworksBuildPhase section */
		1B02D33E257FE1DE004E6567 /* Frameworks */ = {
			isa = PBXFrameworksBuildPhase;
			buildActionMask = 2147483647;
			files = (
				1B02D364257FE1FA004E6567 /* AVFoundation.framework in Frameworks */,
				1B02D362257FE1F3004E6567 /* AssetsLibrary.framework in Frameworks */,
				1B02D366257FE20D004E6567 /* opencv2.framework in Frameworks */,
				1B02D360257FE1EF004E6567 /* CoreMedia.framework in Frameworks */,
			);
			runOnlyForDeploymentPostprocessing = 0;
		};
/* End PBXFrameworksBuildPhase section */

/* Begin PBXGroup section */
		1B02D338257FE1DE004E6567 = {
			isa = PBXGroup;
			children = (
				1B02D343257FE1DE004E6567 /* OpenCViOSLaserDetection */,
				1B02D342257FE1DE004E6567 /* Products */,
				1B02D35E257FE1EF004E6567 /* Frameworks */,
			);
			sourceTree = "<group>";
		};
		1B02D342257FE1DE004E6567 /* Products */ = {
			isa = PBXGroup;
			children = (
				1B02D341257FE1DE004E6567 /* OpenCViOSLaserDetection.app */,
			);
			name = Products;
			sourceTree = "<group>";
		};
		1B02D343257FE1DE004E6567 /* OpenCViOSLaserDetection */ = {
			isa = PBXGroup;
			children = (
				1B02D344257FE1DE004E6567 /* AppDelegate.h */,
				1B02D345257FE1DE004E6567 /* AppDelegate.m */,
				1B02D347257FE1DE004E6567 /* SceneDelegate.h */,
				1B02D348257FE1DE004E6567 /* SceneDelegate.m */,
				1B02D34A257FE1DE004E6567 /* ViewController.h */,
				1B02D34B257FE1DE004E6567 /* ViewController.mm */,
				1BBBE0DD257FEAE900365408 /* Main.storyboard */,
				1B02D350257FE1DF004E6567 /* Assets.xcassets */,
				1B02D352257FE1DF004E6567 /* LaunchScreen.storyboard */,
				1B02D355257FE1DF004E6567 /* Info.plist */,
				1B02D356257FE1DF004E6567 /* main.m */,
			);
			path = OpenCViOSLaserDetection;
			sourceTree = "<group>";
		};
		1B02D35E257FE1EF004E6567 /* Frameworks */ = {
			isa = PBXGroup;
			children = (
				1B02D365257FE20D004E6567 /* opencv2.framework */,
				1B02D363257FE1FA004E6567 /* AVFoundation.framework */,
				1B02D361257FE1F3004E6567 /* AssetsLibrary.framework */,
				1B02D35F257FE1EF004E6567 /* CoreMedia.framework */,
			);
			name = Frameworks;
			sourceTree = "<group>";
		};
/* End PBXGroup section */

/* Begin PBXNativeTarget section */
		1B02D340257FE1DE004E6567 /* OpenCViOSLaserDetection */ = {
			isa = PBXNativeTarget;
			buildConfigurationList = 1B02D35A257FE1DF004E6567 /* Build configuration list for PBXNativeTarget "OpenCViOSLaserDetection" */;
			buildPhases = (
				1B02D33D257FE1DE004E6567 /* Sources */,
				1B02D33E257FE1DE004E6567 /* Frameworks */,
				1B02D33F257FE1DE004E6567 /* Resources */,
			);
			buildRules = (
			);
			dependencies = (
			);
			name = OpenCViOSLaserDetection;
			productName = LaserDetectioniOS;
			productReference = 1B02D341257FE1DE004E6567 /* OpenCViOSLaserDetection.app */;
			productType = "com.apple.product-type.application";
		};
/* End PBXNativeTarget section */

/* Begin PBXProject section */
		1B02D339257FE1DE004E6567 /* Project object */ = {
			isa = PBXProject;
			attributes = {
				LastUpgradeCheck = 1220;
				TargetAttributes = {
					1B02D340257FE1DE004E6567 = {
						CreatedOnToolsVersion = 12.2;
					};
				};
			};
			buildConfigurationList = 1B02D33C257FE1DE004E6567 /* Build configuration list for PBXProject "OpenCViOSLaserDetection" */;
			compatibilityVersion = "Xcode 9.3";
			developmentRegion = en;
			hasScannedForEncodings = 0;
			knownRegions = (
				en,
				Base,
			);
			mainGroup = 1B02D338257FE1DE004E6567;
			productRefGroup = 1B02D342257FE1DE004E6567 /* Products */;
			projectDirPath = "";
			projectRoot = "";
			targets = (
				1B02D340257FE1DE004E6567 /* OpenCViOSLaserDetection */,
			);
		};
/* End PBXProject section */

/* Begin PBXResourcesBuildPhase section */
		1B02D33F257FE1DE004E6567 /* Resources */ = {
			isa = PBXResourcesBuildPhase;
			buildActionMask = 2147483647;
			files = (
				1B02D354257FE1DF004E6567 /* LaunchScreen.storyboard in Resources */,
				1B02D351257FE1DF004E6567 /* Assets.xcassets in Resources */,
				1BBBE0DE257FEAE900365408 /* Main.storyboard in Resources */,
			);
			runOnlyForDeploymentPostprocessing = 0;
		};
/* End PBXResourcesBuildPhase section */

/* Begin PBXSourcesBuildPhase section */
		1B02D33D257FE1DE004E6567 /* Sources */ = {
			isa = PBXSourcesBuildPhase;
			buildActionMask = 2147483647;
			files = (
				1B02D34C257FE1DE004E6567 /* ViewController.mm in Sources */,
				1B02D346257FE1DE004E6567 /* AppDelegate.m in Sources */,
				1B02D357257FE1DF004E6567 /* main.m in Sources */,
				1B02D349257FE1DE004E6567 /* SceneDelegate.m in Sources */,
			);
			runOnlyForDeploymentPostprocessing = 0;
		};
/* End PBXSourcesBuildPhase section */

/* Begin PBXVariantGroup section */
		1B02D352257FE1DF004E6567 /* LaunchScreen.storyboard */ = {
			isa = PBXVariantGroup;
			children = (
				1B02D353257FE1DF004E6567 /* Base */,
			);
			name = LaunchScreen.storyboard;
			sourceTree = "<group>";
		};
/* End PBXVariantGroup section */

/* Begin XCBuildConfiguration section */
		1B02D358257FE1DF004E6567 /* Debug */ = {
			isa = XCBuildConfiguration;
			buildSettings = {
				ALWAYS_SEARCH_USER_PATHS = NO;
				CLANG_ANALYZER_NONNULL = YES;
				CLANG_ANALYZER_NUMBER_OBJECT_CONVERSION = YES_AGGRESSIVE;
				CLANG_CXX_LANGUAGE_STANDARD = "gnu++14";
				CLANG_CXX_LIBRARY = "libc++";
				CLANG_ENABLE_MODULES = YES;
				CLANG_ENABLE_OBJC_ARC = YES;
				CLANG_ENABLE_OBJC_WEAK = YES;
				CLANG_WARN_BLOCK_CAPTURE_AUTORELEASING = YES;
				CLANG_WARN_BOOL_CONVERSION = YES;
				CLANG_WARN_COMMA = YES;
				CLANG_WARN_CONSTANT_CONVERSION = YES;
				CLANG_WARN_DEPRECATED_OBJC_IMPLEMENTATIONS = YES;
				CLANG_WARN_DIRECT_OBJC_ISA_USAGE = YES_ERROR;
				CLANG_WARN_DOCUMENTATION_COMMENTS = YES;
				CLANG_WARN_EMPTY_BODY = YES;
				CLANG_WARN_ENUM_CONVERSION = YES;
				CLANG_WARN_INFINITE_RECURSION = YES;
				CLANG_WARN_INT_CONVERSION = YES;
				CLANG_WARN_NON_LITERAL_NULL_CONVERSION = YES;
				CLANG_WARN_OBJC_IMPLICIT_RETAIN_SELF = YES;
				CLANG_WARN_OBJC_LITERAL_CONVERSION = YES;
				CLANG_WARN_OBJC_ROOT_CLASS = YES_ERROR;
				CLANG_WARN_QUOTED_INCLUDE_IN_FRAMEWORK_HEADER = YES;
				CLANG_WARN_RANGE_LOOP_ANALYSIS = YES;
				CLANG_WARN_STRICT_PROTOTYPES = YES;
				CLANG_WARN_SUSPICIOUS_MOVE = YES;
				CLANG_WARN_UNGUARDED_AVAILABILITY = YES_AGGRESSIVE;
				CLANG_WARN_UNREACHABLE_CODE = YES;
				CLANG_WARN__DUPLICATE_METHOD_MATCH = YES;
				COPY_PHASE_STRIP = NO;
				DEBUG_INFORMATION_FORMAT = dwarf;
				ENABLE_STRICT_OBJC_MSGSEND = YES;
				ENABLE_TESTABILITY = YES;
				GCC_C_LANGUAGE_STANDARD = gnu11;
				GCC_DYNAMIC_NO_PIC = NO;
				GCC_NO_COMMON_BLOCKS = YES;
				GCC_OPTIMIZATION_LEVEL = 0;
				GCC_PREPROCESSOR_DEFINITIONS = (
					"DEBUG=1",
					"$(inherited)",
				);
				GCC_WARN_64_TO_32_BIT_CONVERSION = YES;
				GCC_WARN_ABOUT_RETURN_TYPE = YES_ERROR;
				GCC_WARN_UNDECLARED_SELECTOR = YES;
				GCC_WARN_UNINITIALIZED_AUTOS = YES_AGGRESSIVE;
				GCC_WARN_UNUSED_FUNCTION = YES;
				GCC_WARN_UNUSED_VARIABLE = YES;
				IPHONEOS_DEPLOYMENT_TARGET = 14.2;
				MTL_ENABLE_DEBUG_INFO = INCLUDE_SOURCE;
				MTL_FAST_MATH = YES;
				ONLY_ACTIVE_ARCH = YES;
				SDKROOT = iphoneos;
			};
			name = Debug;
		};
		1B02D359257FE1DF004E6567 /* Release */ = {
			isa = XCBuildConfiguration;
			buildSettings = {
				ALWAYS_SEARCH_USER_PATHS = NO;
				CLANG_ANALYZER_NONNULL = YES;
				CLANG_ANALYZER_NUMBER_OBJECT_CONVERSION = YES_AGGRESSIVE;
				CLANG_CXX_LANGUAGE_STANDARD = "gnu++14";
				CLANG_CXX_LIBRARY = "libc++";
				CLANG_ENABLE_MODULES = YES;
				CLANG_ENABLE_OBJC_ARC = YES;
				CLANG_ENABLE_OBJC_WEAK = YES;
				CLANG_WARN_BLOCK_CAPTURE_AUTORELEASING = YES;
				CLANG_WARN_BOOL_CONVERSION = YES;
				CLANG_WARN_COMMA = YES;
				CLANG_WARN_CONSTANT_CONVERSION = YES;
				CLANG_WARN_DEPRECATED_OBJC_IMPLEMENTATIONS = YES;
				CLANG_WARN_DIRECT_OBJC_ISA_USAGE = YES_ERROR;
				CLANG_WARN_DOCUMENTATION_COMMENTS = YES;
				CLANG_WARN_EMPTY_BODY = YES;
				CLANG_WARN_ENUM_CONVERSION = YES;
				CLANG_WARN_INFINITE_RECURSION = YES;
				CLANG_WARN_INT_CONVERSION = YES;
				CLANG_WARN_NON_LITERAL_NULL_CONVERSION = YES;
				CLANG_WARN_OBJC_IMPLICIT_RETAIN_SELF = YES;
				CLANG_WARN_OBJC_LITERAL_CONVERSION = YES;
				CLANG_WARN_OBJC_ROOT_CLASS = YES_ERROR;
				CLANG_WARN_QUOTED_INCLUDE_IN_FRAMEWORK_HEADER = YES;
				CLANG_WARN_RANGE_LOOP_ANALYSIS = YES;
				CLANG_WARN_STRICT_PROTOTYPES = YES;
				CLANG_WARN_SUSPICIOUS_MOVE = YES;
				CLANG_WARN_UNGUARDED_AVAILABILITY = YES_AGGRESSIVE;
				CLANG_WARN_UNREACHABLE_CODE = YES;
				CLANG_WARN__DUPLICATE_METHOD_MATCH = YES;
				COPY_PHASE_STRIP = NO;
				DEBUG_INFORMATION_FORMAT = "dwarf-with-dsym";
				ENABLE_NS_ASSERTIONS = NO;
				ENABLE_STRICT_OBJC_MSGSEND = YES;
				GCC_C_LANGUAGE_STANDARD = gnu11;
				GCC_NO_COMMON_BLOCKS = YES;
				GCC_WARN_64_TO_32_BIT_CONVERSION = YES;
				GCC_WARN_ABOUT_RETURN_TYPE = YES_ERROR;
				GCC_WARN_UNDECLARED_SELECTOR = YES;
				GCC_WARN_UNINITIALIZED_AUTOS = YES_AGGRESSIVE;
				GCC_WARN_UNUSED_FUNCTION = YES;
				GCC_WARN_UNUSED_VARIABLE = YES;
				IPHONEOS_DEPLOYMENT_TARGET = 14.2;
				MTL_ENABLE_DEBUG_INFO = NO;
				MTL_FAST_MATH = YES;
				SDKROOT = iphoneos;
				VALIDATE_PRODUCT = YES;
			};
			name = Release;
		};
		1B02D35B257FE1DF004E6567 /* Debug */ = {
			isa = XCBuildConfiguration;
			buildSettings = {
				ASSETCATALOG_COMPILER_APPICON_NAME = AppIcon;
				ASSETCATALOG_COMPILER_GLOBAL_ACCENT_COLOR_NAME = AccentColor;
				CODE_SIGN_STYLE = Automatic;
				CURRENT_PROJECT_VERSION = 0;
				DEVELOPMENT_TEAM = 734K53ECWY;
				FRAMEWORK_SEARCH_PATHS = (
					"$(inherited)",
					"$(PROJECT_DIR)",
				);
				INFOPLIST_FILE = OpenCViOSLaserDetection/Info.plist;
				INFOPLIST_KEY_CFBundleDisplayName = OpenCViOSLaserDetection;
				LD_RUNPATH_SEARCH_PATHS = (
					"$(inherited)",
					"@executable_path/Frameworks",
				);
				MARKETING_VERSION = 1.0;
				PRODUCT_BUNDLE_IDENTIFIER = com.stevesopoci.OpenCViOSLaserDetection;
				PRODUCT_NAME = "$(TARGET_NAME)";
				TARGETED_DEVICE_FAMILY = "1,2";
			};
			name = Debug;
		};
		1B02D35C257FE1DF004E6567 /* Release */ = {
			isa = XCBuildConfiguration;
			buildSettings = {
				ASSETCATALOG_COMPILER_APPICON_NAME = AppIcon;
				ASSETCATALOG_COMPILER_GLOBAL_ACCENT_COLOR_NAME = AccentColor;
				CODE_SIGN_STYLE = Automatic;
				CURRENT_PROJECT_VERSION = 0;
				DEVELOPMENT_TEAM = 734K53ECWY;
				FRAMEWORK_SEARCH_PATHS = (
					"$(inherited)",
					"$(PROJECT_DIR)",
				);
				INFOPLIST_FILE = OpenCViOSLaserDetection/Info.plist;
				INFOPLIST_KEY_CFBundleDisplayName = OpenCViOSLaserDetection;
				LD_RUNPATH_SEARCH_PATHS = (
					"$(inherited)",
					"@executable_path/Frameworks",
				);
				MARKETING_VERSION = 1.0;
				PRODUCT_BUNDLE_IDENTIFIER = com.stevesopoci.OpenCViOSLaserDetection;
				PRODUCT_NAME = "$(TARGET_NAME)";
				TARGETED_DEVICE_FAMILY = "1,2";
			};
			name = Release;
		};
/* End XCBuildConfiguration section */

/* Begin XCConfigurationList section */
		1B02D33C257FE1DE004E6567 /* Build configuration list for PBXProject "OpenCViOSLaserDetection" */ = {
			isa = XCConfigurationList;
			buildConfigurations = (
				1B02D358257FE1DF004E6567 /* Debug */,
				1B02D359257FE1DF004E6567 /* Release */,
			);
			defaultConfigurationIsVisible = 0;
			defaultConfigurationName = Release;
		};
		1B02D35A257FE1DF004E6567 /* Build configuration list for PBXNativeTarget "OpenCViOSLaserDetection" */ = {
			isa = XCConfigurationList;
			buildConfigurations = (
				1B02D35B257FE1DF004E6567 /* Debug */,
				1B02D35C257FE1DF004E6567 /* Release */,
			);
			defaultConfigurationIsVisible = 0;
			defaultConfigurationName = Release;
		};
/* End XCConfigurationList section */
	};
	rootObject = 1B02D339257FE1DE004E6567 /* Project object */;
}
